
Microsoft Visual Studio Solution File, Format Version 12.00
# Visual Studio Version 17
VisualStudioVersion = 17.8.34330.188
MinimumVisualStudioVersion = 10.0.40219.1
Project("{FAE04EC0-301F-11D3-BF4B-00C04F79EFBC}") = "WPF_HW_081123", "WPF_HW_081123\WPF_HW_081123.csproj", "{EF8A6048-58D2-40D8-B8E9-E35567E84F74}"
EndProject
Global
	GlobalSection(SolutionConfigurationPlatforms) = preSolution
		Debug|Any CPU = Debug|Any CPU
		Release|Any CPU = Release|Any CPU
	EndGlobalSection
	GlobalSection(ProjectConfigurationPlatforms) = postSolution
		{EF8A6048-58D2-40D8-B8E9-E35567E84F74}.Debug|Any CPU.ActiveCfg = Debug|Any CPU
		{EF8A6048-58D2-40D8-B8E9-E35567E84F74}.Debug|Any CPU.Build.0 = Debug|Any CPU
		{EF8A6048-58D2-40D8-B8E9-E35567E84F74}.Release|Any CPU.ActiveCfg = Release|Any CPU
		{EF8A6048-58D2-40D8-B8E9-E35567E84F74}.Release|Any CPU.Build.0 = Release|Any CPU
	EndGlobalSection
	GlobalSection(SolutionProperties) = preSolution
		HideSolutionNode = FALSE
	EndGlobalSection
	GlobalSection(ExtensibilityGlobals) = postSolution
		SolutionGuid = {7EEDE45D-E298-4AE3-84BA-64705FE0BF78}
	EndGlobalSection
EndGlobal
